PODS:
  - RSKImageCropper (3.0.0)
  - SBCamera (1.0.2):
    - RSKImageCropper (~> 3.0)
    - SwiftPermissionManager (~> 1.0)
  - SwiftPermissionManager (1.1.0)

DEPENDENCIES:
  - SBCamera (from `../`)

SPEC REPOS:
  trunk:
    - RSKImageCropper
    - SwiftPermissionManager

EXTERNAL SOURCES:
  SBCamera:
    :path: "../"

SPEC CHECKSUMS:
  RSKImageCropper: 81f449b4df96bdaf28e1ad6dcce28dcda2235458
  SBCamera: 9c92a51907e0baa9923781e176459eafc9d271eb
  SwiftPermissionManager: ce0d82e63f7c59677b2b6011891a106dbd105260

PODFILE CHECKSUM: 2d4bf047f8d43a97049e4bfbf2adafa0b32d8cfd

COCOAPODS: 1.10.0
